
Microsoft Visual Studio Solution File, Format Version 12.00
# Visual Studio Version 17
VisualStudioVersion = 17.11.35208.52
MinimumVisualStudioVersion = 10.0.40219.1
Project("{FAE04EC0-301F-11D3-BF4B-00C04F79EFBC}") = "regalinspection.test", "regalinspection.test\regalinspection.test.csproj", "{BB09E15E-650B-4AEF-B598-BB346DAE9754}"
EndProject
Global
	GlobalSection(SolutionConfigurationPlatforms) = preSolution
		Debug|Any CPU = Debug|Any CPU
		Release|Any CPU = Release|Any CPU
	EndGlobalSection
	GlobalSection(ProjectConfigurationPlatforms) = postSolution
		{BB09E15E-650B-4AEF-B598-BB346DAE9754}.Debug|Any CPU.ActiveCfg = Debug|Any CPU
		{BB09E15E-650B-4AEF-B598-BB346DAE9754}.Debug|Any CPU.Build.0 = Debug|Any CPU
		{BB09E15E-650B-4AEF-B598-BB346DAE9754}.Release|Any CPU.ActiveCfg = Release|Any CPU
		{BB09E15E-650B-4AEF-B598-BB346DAE9754}.Release|Any CPU.Build.0 = Release|Any CPU
	EndGlobalSection
	GlobalSection(SolutionProperties) = preSolution
		HideSolutionNode = FALSE
	EndGlobalSection
	GlobalSection(ExtensibilityGlobals) = postSolution
		SolutionGuid = {A947044E-DB25-4D80-A644-DF6FAB448081}
	EndGlobalSection
EndGlobal
